
Microsoft Visual Studio Solution File, Format Version 11.00
# Visual Studio 2010
Project("{8BC9CEB8-8B4A-11D0-8D11-00A0C91BC942}") = "RGR V.5", "RGR V.5\RGR V.5.vcxproj", "{E34AA746-538D-44F0-B7A8-7E6631BAF9D5}"
EndProject
Global
	GlobalSection(SolutionConfigurationPlatforms) = preSolution
		Debug|Win32 = Debug|Win32
		Release|Win32 = Release|Win32
	EndGlobalSection
	GlobalSection(ProjectConfigurationPlatforms) = postSolution
		{E34AA746-538D-44F0-B7A8-7E6631BAF9D5}.Debug|Win32.ActiveCfg = Debug|Win32
		{E34AA746-538D-44F0-B7A8-7E6631BAF9D5}.Debug|Win32.Build.0 = Debug|Win32
		{E34AA746-538D-44F0-B7A8-7E6631BAF9D5}.Release|Win32.ActiveCfg = Release|Win32
		{E34AA746-538D-44F0-B7A8-7E6631BAF9D5}.Release|Win32.Build.0 = Release|Win32
	EndGlobalSection
	GlobalSection(SolutionProperties) = preSolution
		HideSolutionNode = FALSE
	EndGlobalSection
EndGlobal
